
Microsoft Visual Studio Solution File, Format Version 11.00
# Visual Studio 2010
Project("{FAE04EC0-301F-11D3-BF4B-00C04F79EFBC}") = "VuforiaScripts", "VuforiaScripts.csproj", "{BD48B07E-C817-C799-4660-26D71A9C7682}"
EndProject
Project("{FAE04EC0-301F-11D3-BF4B-00C04F79EFBC}") = "Assembly-CSharp", "Assembly-CSharp.csproj", "{1222AD08-4018-DA3D-BFF0-9E425421D085}"
EndProject
Project("{FAE04EC0-301F-11D3-BF4B-00C04F79EFBC}") = "VuforiaEditorScripts", "VuforiaEditorScripts.csproj", "{620CF9A8-9CB2-B35E-8FE4-8FCCFAE991DA}"
EndProject
Global
	GlobalSection(SolutionConfigurationPlatforms) = preSolution
		Debug|Any CPU = Debug|Any CPU
		Release|Any CPU = Release|Any CPU
	EndGlobalSection
	GlobalSection(ProjectConfigurationPlatforms) = postSolution
		{BD48B07E-C817-C799-4660-26D71A9C7682}.Debug|Any CPU.ActiveCfg = Debug|Any CPU
		{BD48B07E-C817-C799-4660-26D71A9C7682}.Debug|Any CPU.Build.0 = Debug|Any CPU
		{BD48B07E-C817-C799-4660-26D71A9C7682}.Release|Any CPU.ActiveCfg = Release|Any CPU
		{BD48B07E-C817-C799-4660-26D71A9C7682}.Release|Any CPU.Build.0 = Release|Any CPU
		{1222AD08-4018-DA3D-BFF0-9E425421D085}.Debug|Any CPU.ActiveCfg = Debug|Any CPU
		{1222AD08-4018-DA3D-BFF0-9E425421D085}.Debug|Any CPU.Build.0 = Debug|Any CPU
		{1222AD08-4018-DA3D-BFF0-9E425421D085}.Release|Any CPU.ActiveCfg = Release|Any CPU
		{1222AD08-4018-DA3D-BFF0-9E425421D085}.Release|Any CPU.Build.0 = Release|Any CPU
		{620CF9A8-9CB2-B35E-8FE4-8FCCFAE991DA}.Debug|Any CPU.ActiveCfg = Debug|Any CPU
		{620CF9A8-9CB2-B35E-8FE4-8FCCFAE991DA}.Debug|Any CPU.Build.0 = Debug|Any CPU
		{620CF9A8-9CB2-B35E-8FE4-8FCCFAE991DA}.Release|Any CPU.ActiveCfg = Release|Any CPU
		{620CF9A8-9CB2-B35E-8FE4-8FCCFAE991DA}.Release|Any CPU.Build.0 = Release|Any CPU
	EndGlobalSection
	GlobalSection(SolutionProperties) = preSolution
		HideSolutionNode = FALSE
	EndGlobalSection
EndGlobal
